{
  "version": "5",
  "redirects": {
    "https://esm.sh/@supabase/supabase-js@2": "https://esm.sh/@supabase/supabase-js@2.107.0"
  },
  "remote": {
    "https://esm.sh/@supabase/supabase-js@2.107.0": "8caa09b0223684d83cfa273de2946af25430d7ca8e5320b721226a0c7a8c6e98"
  },
  "workspace": {
    "packageJson": {
      "dependencies": [
        "npm:@expo-google-fonts/fraunces@~0.4.1",
        "npm:@expo-google-fonts/manrope@~0.4.2",
        "npm:@expo-google-fonts/space-mono@~0.4.2",
        "npm:@expo/ui@~57.0.4",
        "npm:@react-native-async-storage/async-storage@2.2.0",
        "npm:@react-native-community/datetimepicker@9.1.0",
        "npm:@react-native-community/netinfo@12.0.1",
        "npm:@supabase/supabase-js@^2.110.0",
        "npm:@tanstack/react-query@^5.101.2",
        "npm:expo-apple-authentication@57.0",
        "npm:expo-asset@~57.0.3",
        "npm:expo-audio@57.0",
        "npm:expo-clipboard@57.0",
        "npm:expo-constants@~57.0.3",
        "npm:expo-doctor@^1.20.0",
        "npm:expo-file-system@57.0",
        "npm:expo-haptics@57",
        "npm:expo-image-manipulator@~57.0.2",
        "npm:expo-image-picker@~57.0.2",
        "npm:expo-image@57.0",
        "npm:expo-linking@~57.0.2",
        "npm:expo-notifications@~57.0.3",
        "npm:expo-print@57.0",
        "npm:expo-router@~57.0.4",
        "npm:expo-secure-store@57.0",
        "npm:expo-sharing@~57.0.3",
        "npm:expo-speech@57.0",
        "npm:expo-splash-screen@^57.0.2",
        "npm:expo-status-bar@57.0",
        "npm:expo-widgets@~57.0.3",
        "npm:expo@~57.0.4",
        "npm:lucide-react-native@^1.23.0",
        "npm:react-dom@19.2.3",
        "npm:react-native-android-widget@0.21",
        "npm:react-native-gesture-handler@2.32",
        "npm:react-native-gifted-charts@^1.4.77",
        "npm:react-native-google-mobile-ads@^16.4.0",
        "npm:react-native-purchases-ui@^10.4.2",
        "npm:react-native-purchases@^10.4.2",
        "npm:react-native-reanimated@4.5.0",
        "npm:react-native-safe-area-context@5.7",
        "npm:react-native-screens@4.25.2",
        "npm:react-native-svg@15.15.4",
        "npm:react-native-url-polyfill@3",
        "npm:react-native-view-shot@5.1.0",
        "npm:react-native-web@~0.21.2",
        "npm:react-native-worklets@0.10.0",
        "npm:react-native@0.86.0",
        "npm:react@19.2.3",
        "npm:typescript@6.0.3",
        "npm:zustand@^5.0.14"
      ]
    }
  }
}
